
Microsoft Visual Studio Solution File, Format Version 12.00
# Visual Studio 15
VisualStudioVersion = 15.0.27130.2027
MinimumVisualStudioVersion = 10.0.40219.1
Project("{FAE04EC0-301F-11D3-BF4B-00C04F79EFBC}") = "Alt.Utils", "Alt.Utils\Alt.Utils.csproj", "{931F3FC9-9263-4269-A04E-CE6789ADF4D6}"
EndProject
Project("{FAE04EC0-301F-11D3-BF4B-00C04F79EFBC}") = "MaybeTests", "MaybeTests\MaybeTests.csproj", "{C75DA6D4-B624-4BF0-BE7F-8B354AA75299}"
EndProject
Global
	GlobalSection(SolutionConfigurationPlatforms) = preSolution
		Debug|Any CPU = Debug|Any CPU
		Release|Any CPU = Release|Any CPU
	EndGlobalSection
	GlobalSection(ProjectConfigurationPlatforms) = postSolution
		{931F3FC9-9263-4269-A04E-CE6789ADF4D6}.Debug|Any CPU.ActiveCfg = Debug|Any CPU
		{931F3FC9-9263-4269-A04E-CE6789ADF4D6}.Debug|Any CPU.Build.0 = Debug|Any CPU
		{931F3FC9-9263-4269-A04E-CE6789ADF4D6}.Release|Any CPU.ActiveCfg = Release|Any CPU
		{931F3FC9-9263-4269-A04E-CE6789ADF4D6}.Release|Any CPU.Build.0 = Release|Any CPU
		{C75DA6D4-B624-4BF0-BE7F-8B354AA75299}.Debug|Any CPU.ActiveCfg = Debug|Any CPU
		{C75DA6D4-B624-4BF0-BE7F-8B354AA75299}.Debug|Any CPU.Build.0 = Debug|Any CPU
		{C75DA6D4-B624-4BF0-BE7F-8B354AA75299}.Release|Any CPU.ActiveCfg = Release|Any CPU
		{C75DA6D4-B624-4BF0-BE7F-8B354AA75299}.Release|Any CPU.Build.0 = Release|Any CPU
	EndGlobalSection
	GlobalSection(SolutionProperties) = preSolution
		HideSolutionNode = FALSE
	EndGlobalSection
	GlobalSection(ExtensibilityGlobals) = postSolution
		SolutionGuid = {CCD96DBF-ECED-4E12-A087-2973271E0AF2}
	EndGlobalSection
EndGlobal
